
Microsoft Visual Studio Solution File, Format Version 12.00
# Visual Studio Version 17
VisualStudioVersion = 17.0.32126.317
MinimumVisualStudioVersion = 10.0.40219.1
Project("{FAE04EC0-301F-11D3-BF4B-00C04F79EFBC}") = "ProyectoBD", "ProyectoBD\ProyectoBD.csproj", "{80BAAF37-40CE-4875-80CF-3C06179B327D}"
EndProject
Project("{FAE04EC0-301F-11D3-BF4B-00C04F79EFBC}") = "LitoDM", "WindowsFormsApp1\LitoDM.csproj", "{D1E8A94B-B6FF-4FE7-9D2A-FB9C2BCB12DC}"
EndProject
Global
	GlobalSection(SolutionConfigurationPlatforms) = preSolution
		Debug|Any CPU = Debug|Any CPU
		Release|Any CPU = Release|Any CPU
	EndGlobalSection
	GlobalSection(ProjectConfigurationPlatforms) = postSolution
		{80BAAF37-40CE-4875-80CF-3C06179B327D}.Debug|Any CPU.ActiveCfg = Debug|Any CPU
		{80BAAF37-40CE-4875-80CF-3C06179B327D}.Debug|Any CPU.Build.0 = Debug|Any CPU
		{80BAAF37-40CE-4875-80CF-3C06179B327D}.Release|Any CPU.ActiveCfg = Release|Any CPU
		{80BAAF37-40CE-4875-80CF-3C06179B327D}.Release|Any CPU.Build.0 = Release|Any CPU
		{D1E8A94B-B6FF-4FE7-9D2A-FB9C2BCB12DC}.Debug|Any CPU.ActiveCfg = Debug|Any CPU
		{D1E8A94B-B6FF-4FE7-9D2A-FB9C2BCB12DC}.Debug|Any CPU.Build.0 = Debug|Any CPU
		{D1E8A94B-B6FF-4FE7-9D2A-FB9C2BCB12DC}.Release|Any CPU.ActiveCfg = Release|Any CPU
		{D1E8A94B-B6FF-4FE7-9D2A-FB9C2BCB12DC}.Release|Any CPU.Build.0 = Release|Any CPU
	EndGlobalSection
	GlobalSection(SolutionProperties) = preSolution
		HideSolutionNode = FALSE
	EndGlobalSection
	GlobalSection(ExtensibilityGlobals) = postSolution
		SolutionGuid = {00581644-EBD1-4449-872E-DF49F65FF56D}
	EndGlobalSection
EndGlobal
